
Microsoft Visual Studio Solution File, Format Version 12.00
# Visual Studio Version 17
VisualStudioVersion = 17.11.35303.130
MinimumVisualStudioVersion = 10.0.40219.1
Project("{9A19103F-16F7-4668-BE54-9A1E7A4F7556}") = "Recipe Finder", "Recipe Finder\Recipe Finder.csproj", "{D5771D7B-3723-4012-94CF-BD9923B366FE}"
EndProject
Project("{9A19103F-16F7-4668-BE54-9A1E7A4F7556}") = "RecipeFinder WebApp", "RecipeFinder WebApp\RecipeFinder WebApp.csproj", "{511A457B-1EA3-4A0D-9757-D45C3D37AD3D}"
EndProject
Global
	GlobalSection(SolutionConfigurationPlatforms) = preSolution
		Debug|Any CPU = Debug|Any CPU
		Release|Any CPU = Release|Any CPU
	EndGlobalSection
	GlobalSection(ProjectConfigurationPlatforms) = postSolution
		{D5771D7B-3723-4012-94CF-BD9923B366FE}.Debug|Any CPU.ActiveCfg = Debug|Any CPU
		{D5771D7B-3723-4012-94CF-BD9923B366FE}.Debug|Any CPU.Build.0 = Debug|Any CPU
		{D5771D7B-3723-4012-94CF-BD9923B366FE}.Release|Any CPU.ActiveCfg = Release|Any CPU
		{D5771D7B-3723-4012-94CF-BD9923B366FE}.Release|Any CPU.Build.0 = Release|Any CPU
		{511A457B-1EA3-4A0D-9757-D45C3D37AD3D}.Debug|Any CPU.ActiveCfg = Debug|Any CPU
		{511A457B-1EA3-4A0D-9757-D45C3D37AD3D}.Debug|Any CPU.Build.0 = Debug|Any CPU
		{511A457B-1EA3-4A0D-9757-D45C3D37AD3D}.Release|Any CPU.ActiveCfg = Release|Any CPU
		{511A457B-1EA3-4A0D-9757-D45C3D37AD3D}.Release|Any CPU.Build.0 = Release|Any CPU
	EndGlobalSection
	GlobalSection(SolutionProperties) = preSolution
		HideSolutionNode = FALSE
	EndGlobalSection
	GlobalSection(ExtensibilityGlobals) = postSolution
		SolutionGuid = {54F78D4C-5E1D-45B9-A4F1-51B89B12E383}
	EndGlobalSection
EndGlobal
